
Microsoft Visual Studio Solution File, Format Version 12.00
# Visual Studio Version 16
VisualStudioVersion = 25.0.1706.8
MinimumVisualStudioVersion = 10.0.40219.1
Project("{FAE04EC0-301F-11D3-BF4B-00C04F79EFBC}") = "dotnet-tp2", "dotnet-tp2\dotnet-tp2.csproj", "{FCF74976-35D6-4F9A-8DA6-04155030E7DC}"
EndProject
Global
	GlobalSection(SolutionConfigurationPlatforms) = preSolution
		Debug|Any CPU = Debug|Any CPU
		Release|Any CPU = Release|Any CPU
	EndGlobalSection
	GlobalSection(ProjectConfigurationPlatforms) = postSolution
		{FCF74976-35D6-4F9A-8DA6-04155030E7DC}.Debug|Any CPU.ActiveCfg = Debug|Any CPU
		{FCF74976-35D6-4F9A-8DA6-04155030E7DC}.Debug|Any CPU.Build.0 = Debug|Any CPU
		{FCF74976-35D6-4F9A-8DA6-04155030E7DC}.Release|Any CPU.ActiveCfg = Release|Any CPU
		{FCF74976-35D6-4F9A-8DA6-04155030E7DC}.Release|Any CPU.Build.0 = Release|Any CPU
	EndGlobalSection
	GlobalSection(SolutionProperties) = preSolution
		HideSolutionNode = FALSE
	EndGlobalSection
	GlobalSection(ExtensibilityGlobals) = postSolution
		SolutionGuid = {8ED91C01-974B-4CD1-AB19-19AD8A661E1E}
	EndGlobalSection
EndGlobal
